
Microsoft Visual Studio Solution File, Format Version 12.00
# Visual Studio Version 16
VisualStudioVersion = 16.0.30503.244
MinimumVisualStudioVersion = 10.0.40219.1
Project("{8BC9CEB8-8B4A-11D0-8D11-00A0C91BC942}") = "Lab_4OPP", "Lab_4OPP\Lab_4OPP.vcxproj", "{0B2ED288-6D05-4DDB-BB0F-15186AABFEC7}"
EndProject
Global
	GlobalSection(SolutionConfigurationPlatforms) = preSolution
		Debug|x64 = Debug|x64
		Debug|x86 = Debug|x86
		Release|x64 = Release|x64
		Release|x86 = Release|x86
	EndGlobalSection
	GlobalSection(ProjectConfigurationPlatforms) = postSolution
		{0B2ED288-6D05-4DDB-BB0F-15186AABFEC7}.Debug|x64.ActiveCfg = Debug|x64
		{0B2ED288-6D05-4DDB-BB0F-15186AABFEC7}.Debug|x64.Build.0 = Debug|x64
		{0B2ED288-6D05-4DDB-BB0F-15186AABFEC7}.Debug|x86.ActiveCfg = Debug|Win32
		{0B2ED288-6D05-4DDB-BB0F-15186AABFEC7}.Debug|x86.Build.0 = Debug|Win32
		{0B2ED288-6D05-4DDB-BB0F-15186AABFEC7}.Release|x64.ActiveCfg = Release|x64
		{0B2ED288-6D05-4DDB-BB0F-15186AABFEC7}.Release|x64.Build.0 = Release|x64
		{0B2ED288-6D05-4DDB-BB0F-15186AABFEC7}.Release|x86.ActiveCfg = Release|Win32
		{0B2ED288-6D05-4DDB-BB0F-15186AABFEC7}.Release|x86.Build.0 = Release|Win32
	EndGlobalSection
	GlobalSection(SolutionProperties) = preSolution
		HideSolutionNode = FALSE
	EndGlobalSection
	GlobalSection(ExtensibilityGlobals) = postSolution
		SolutionGuid = {D8C8F8A2-E270-489C-8EE6-89329BDFBAEB}
	EndGlobalSection
EndGlobal
